<?xml version="1.0" encoding="utf-8"?>
<Project ToolsVersion="4.0" xmlns="http://schemas.microsoft.com/developer/msbuild/2003">
  <ItemGroup>
    <Filter Include="TrainingFramework\src">
      <UniqueIdentifier>{8a7743df-99d6-42d7-8300-83c77d25c345}</UniqueIdentifier>
    </Filter>
    <Filter Include="TrainingFramework">
      <UniqueIdentifier>{b7c91549-da04-4eee-96da-520fa8f75a57}</UniqueIdentifier>
    </Filter>
    <Filter Include="TrainingFramework\src\GameObject">
      <UniqueIdentifier>{486a991c-381d-4836-b7f7-6a9b4c66f5d8}</UniqueIdentifier>
    </Filter>
    <Filter Include="TrainingFramework\src\GameManager">
      <UniqueIdentifier>{7027cc7e-3941-43d3-9fd3-7009a76c222b}</UniqueIdentifier>
    </Filter>
    <Filter Include="TrainingFramework\src\GameStates">
      <UniqueIdentifier>{2a875364-1a2b-4ea6-a6fe-716988208916}</UniqueIdentifier>
    </Filter>
    <Filter Include="TrainingFramework\src\GameObject\Asset">
      <UniqueIdentifier>{8f4b6ada-bf96-4612-bf3d-18484fa3ee9f}</UniqueIdentifier>
    </Filter>
    <Filter Include="TrainingFramework\src\GameObject\Enemy">
      <UniqueIdentifier>{7ad49a3a-490e-4edf-8335-86fbf8b626db}</UniqueIdentifier>
    </Filter>
    <Filter Include="TrainingFramework\src\GameObject\Tower">
      <UniqueIdentifier>{bfc7013e-528e-4522-b720-d8f530b727da}</UniqueIdentifier>
    </Filter>
    <Filter Include="TrainingFramework\src\GameObject\Other">
      <UniqueIdentifier>{4269a329-5013-4e48-b4d7-a61aeb8d09cf}</UniqueIdentifier>
    </Filter>
    <Filter Include="TrainingFramework\src\GameObject\Base">
      <UniqueIdentifier>{4eab6c16-55af-46c5-b99d-9675c4d6b871}</UniqueIdentifier>
    </Filter>
    <Filter Include="TrainingFramework\src\GameObject\Tower\UnMoveThroughAbleTower">
      <UniqueIdentifier>{bc91a8c1-64cc-469e-8c83-d633ba17a55f}</UniqueIdentifier>
    </Filter>
    <Filter Include="TrainingFramework\src\GameObject\Enemy\FlyEnemy">
      <UniqueIdentifier>{f08ede3f-4aa6-4558-bc43-0ea03d276425}</UniqueIdentifier>
    </Filter>
    <Filter Include="TrainingFramework\src\GameObject\Enemy\GroundEnemy">
      <UniqueIdentifier>{7cf4f0a9-fc33-4340-b947-18fa3acd0258}</UniqueIdentifier>
    </Filter>
    <Filter Include="TrainingFramework\src\GameObject\Tower\MoveThroughAbleTower">
      <UniqueIdentifier>{7a203c4a-f945-4e8b-baea-4c85e912cb9b}</UniqueIdentifier>
    </Filter>
    <Filter Include="TrainingFramework\src\GameObject\Resourse">
      <UniqueIdentifier>{0c774144-e26b-4dba-ae7a-ed9827b92c5f}</UniqueIdentifier>
    </Filter>
    <Filter Include="TrainingFramework\src\GameObject\Bullet">
      <UniqueIdentifier>{3c4aa1a6-cf17-4553-9ddf-cbcef5d38a9b}</UniqueIdentifier>
    </Filter>
  </ItemGroup>
  <ItemGroup>
    <ClCompile Include="src\Application.cpp">
      <Filter>TrainingFramework\src</Filter>
    </ClCompile>
    <ClCompile Include="src\DefenseTower.cpp">
      <Filter>TrainingFramework\src</Filter>
    </ClCompile>
    <ClCompile Include="src\GameStates\GameStateBase.cpp">
      <Filter>TrainingFramework\src\GameStates</Filter>
    </ClCompile>
    <ClCompile Include="src\GameStates\GameStateMachine.cpp">
      <Filter>TrainingFramework\src\GameStates</Filter>
    </ClCompile>
    <ClCompile Include="src\GameStates\GSIntro.cpp">
      <Filter>TrainingFramework\src\GameStates</Filter>
    </ClCompile>
    <ClCompile Include="src\GameStates\GSMenu.cpp">
      <Filter>TrainingFramework\src\GameStates</Filter>
    </ClCompile>
    <ClCompile Include="src\GameStates\GSPlay.cpp">
      <Filter>TrainingFramework\src\GameStates</Filter>
    </ClCompile>
    <ClCompile Include="src\GameManager\ResourceManagers.cpp">
      <Filter>TrainingFramework\src\GameManager</Filter>
    </ClCompile>
    <ClCompile Include="src\GameObject\Base\Camera.cpp">
      <Filter>TrainingFramework\src\GameObject\Asset</Filter>
    </ClCompile>
    <ClCompile Include="src\GameObject\Base\Font.cpp">
      <Filter>TrainingFramework\src\GameObject\Asset</Filter>
    </ClCompile>
    <ClCompile Include="src\GameObject\Base\Model.cpp">
      <Filter>TrainingFramework\src\GameObject\Asset</Filter>
    </ClCompile>
    <ClCompile Include="src\GameObject\Base\Shader.cpp">
      <Filter>TrainingFramework\src\GameObject\Asset</Filter>
    </ClCompile>
    <ClCompile Include="src\GameObject\Base\Text.cpp">
      <Filter>TrainingFramework\src\GameObject\Asset</Filter>
    </ClCompile>
    <ClCompile Include="src\GameObject\Base\Texture.cpp">
      <Filter>TrainingFramework\src\GameObject\Asset</Filter>
    </ClCompile>
    <ClCompile Include="src\GameObject\Base\Sprite2D.cpp">
      <Filter>TrainingFramework\src\GameObject\Base</Filter>
    </ClCompile>
    <ClCompile Include="src\GameObject\Base\Sprite3D.cpp">
      <Filter>TrainingFramework\src\GameObject\Base</Filter>
    </ClCompile>
    <ClCompile Include="src\GameObject\Base\Sound.cpp">
      <Filter>TrainingFramework\src\GameObject\Asset</Filter>
    </ClCompile>
    <ClCompile Include="src\GameObject\Base\Animation2D.cpp">
      <Filter>TrainingFramework\src\GameObject\Base</Filter>
    </ClCompile>
    <ClCompile Include="src\GameObject\MainCharacter.cpp">
      <Filter>TrainingFramework\src\GameObject</Filter>
    </ClCompile>
    <ClCompile Include="src\GameObject\Defensive\TowerOne.cpp">
      <Filter>TrainingFramework\src\GameObject\Tower\UnMoveThroughAbleTower</Filter>
    </ClCompile>
    <ClCompile Include="src\GameObject\Defensive\MainTower.cpp">
      <Filter>TrainingFramework\src\GameObject\Tower\UnMoveThroughAbleTower</Filter>
    </ClCompile>
    <ClCompile Include="src\GameObject\Defensive\UnMoveThroughAbleTower.cpp">
      <Filter>TrainingFramework\src\GameObject\Tower\UnMoveThroughAbleTower</Filter>
    </ClCompile>
    <ClCompile Include="src\GameObject\Defensive\TowerTwo.cpp">
      <Filter>TrainingFramework\src\GameObject\Tower\UnMoveThroughAbleTower</Filter>
    </ClCompile>
    <ClCompile Include="src\GameObject\Enemy\FlyEnemy.cpp">
      <Filter>TrainingFramework\src\GameObject\Enemy\FlyEnemy</Filter>
    </ClCompile>
    <ClCompile Include="src\GameObject\Enemy\GroundEnemy.cpp">
      <Filter>TrainingFramework\src\GameObject\Enemy\GroundEnemy</Filter>
    </ClCompile>
    <ClCompile Include="src\GameObject\Defensive\SpotTower.cpp">
      <Filter>TrainingFramework\src\GameObject\Tower\UnMoveThroughAbleTower</Filter>
    </ClCompile>
    <ClCompile Include="src\GameObject\Others\TowerOption.cpp">
      <Filter>TrainingFramework\src\GameObject\Other</Filter>
    </ClCompile>
    <ClCompile Include="src\GameObject\Enemy\EnemyOne.cpp">
      <Filter>TrainingFramework\src\GameObject\Enemy\GroundEnemy</Filter>
    </ClCompile>
    <ClCompile Include="src\GameStates\GSCredit.cpp">
      <Filter>TrainingFramework\src\GameStates</Filter>
    </ClCompile>
    <ClCompile Include="src\GameStates\GSTutorial.cpp">
      <Filter>TrainingFramework\src\GameStates</Filter>
    </ClCompile>
    <ClCompile Include="src\GameStates\GSSelectStage.cpp">
      <Filter>TrainingFramework\src\GameStates</Filter>
    </ClCompile>
    <ClCompile Include="src\GameStates\GSMenuInGame.cpp">
      <Filter>TrainingFramework\src\GameStates</Filter>
    </ClCompile>
    <ClCompile Include="src\GameStates\GSMenuAfterGame.cpp">
      <Filter>TrainingFramework\src\GameStates</Filter>
    </ClCompile>
    <ClCompile Include="src\GameStates\GSSetting.cpp">
      <Filter>TrainingFramework\src\GameStates</Filter>
    </ClCompile>
    <ClCompile Include="src\GameObject\Enemy\EnemyTwo.cpp">
      <Filter>TrainingFramework\src\GameObject\Enemy\GroundEnemy</Filter>
    </ClCompile>
    <ClCompile Include="src\GameObject\Others\GameButton.cpp">
      <Filter>TrainingFramework\src\GameObject\Other</Filter>
    </ClCompile>
    <ClCompile Include="src\GameObject\Bullet\Bullet.cpp">
      <Filter>TrainingFramework\src\GameObject\Bullet</Filter>
    </ClCompile>
    <ClCompile Include="src\GameStates\Record.cpp">
      <Filter>TrainingFramework\src\GameStates</Filter>
    </ClCompile>
    <ClCompile Include="src\GameObject\HUD\HUD.cpp" />
    <ClCompile Include="src\GameStates\GSLoadGame.cpp" />
  </ItemGroup>
  <ItemGroup>
    <ClInclude Include="src\Application.h">
      <Filter>TrainingFramework\src</Filter>
    </ClInclude>
    <ClInclude Include="src\GameConfig.h">
      <Filter>TrainingFramework\src</Filter>
    </ClInclude>
    <ClInclude Include="src\GameManager\Singleton.h">
      <Filter>TrainingFramework\src\GameManager</Filter>
    </ClInclude>
    <ClInclude Include="src\GameStates\GameStateBase.h">
      <Filter>TrainingFramework\src\GameStates</Filter>
    </ClInclude>
    <ClInclude Include="src\GameStates\GameStateMachine.h">
      <Filter>TrainingFramework\src\GameStates</Filter>
    </ClInclude>
    <ClInclude Include="src\GameStates\GSIntro.h">
      <Filter>TrainingFramework\src\GameStates</Filter>
    </ClInclude>
    <ClInclude Include="src\GameStates\GSMenu.h">
      <Filter>TrainingFramework\src\GameStates</Filter>
    </ClInclude>
    <ClInclude Include="src\GameStates\GSPlay.h">
      <Filter>TrainingFramework\src\GameStates</Filter>
    </ClInclude>
    <ClInclude Include="src\GameManager\ResourceManagers.h">
      <Filter>TrainingFramework\src\GameManager</Filter>
    </ClInclude>
    <ClInclude Include="src\GameManager\ObjectPoolManager.h">
      <Filter>TrainingFramework\src\GameManager</Filter>
    </ClInclude>
    <ClInclude Include="src\GameObject\Base\BaseObject.h">
      <Filter>TrainingFramework\src\GameObject\Base</Filter>
    </ClInclude>
    <ClInclude Include="src\GameObject\Base\Camera.h">
      <Filter>TrainingFramework\src\GameObject\Asset</Filter>
    </ClInclude>
    <ClInclude Include="src\GameObject\Base\Font.h">
      <Filter>TrainingFramework\src\GameObject\Asset</Filter>
    </ClInclude>
    <ClInclude Include="src\GameObject\Base\Model.h">
      <Filter>TrainingFramework\src\GameObject\Asset</Filter>
    </ClInclude>
    <ClInclude Include="src\GameObject\Base\Shader.h">
      <Filter>TrainingFramework\src\GameObject\Asset</Filter>
    </ClInclude>
    <ClInclude Include="src\GameObject\Base\Text.h">
      <Filter>TrainingFramework\src\GameObject\Asset</Filter>
    </ClInclude>
    <ClInclude Include="src\GameObject\Base\Texture.h">
      <Filter>TrainingFramework\src\GameObject\Asset</Filter>
    </ClInclude>
    <ClInclude Include="src\GameObject\Base\Sprite2D.h">
      <Filter>TrainingFramework\src\GameObject\Base</Filter>
    </ClInclude>
    <ClInclude Include="src\GameObject\Base\Sprite3D.h">
      <Filter>TrainingFramework\src\GameObject\Base</Filter>
    </ClInclude>
    <ClInclude Include="src\GameObject\Base\Sound.h">
      <Filter>TrainingFramework\src\GameObject\Asset</Filter>
    </ClInclude>
    <ClInclude Include="src\GameObject\Base\AttackAble.h">
      <Filter>TrainingFramework\src\GameObject\Base</Filter>
    </ClInclude>
    <ClInclude Include="src\GameObject\Base\MoveAble.h">
      <Filter>TrainingFramework\src\GameObject\Base</Filter>
    </ClInclude>
    <ClInclude Include="src\GameObject\Base\SelfDestructable.h">
      <Filter>TrainingFramework\src\GameObject\Base</Filter>
    </ClInclude>
    <ClInclude Include="src\GameObject\Base\AbleToAttack.h">
      <Filter>TrainingFramework\src\GameObject\Base</Filter>
    </ClInclude>
    <ClInclude Include="src\GameObject\MainCharacter.h">
      <Filter>TrainingFramework\src\GameObject</Filter>
    </ClInclude>
    <ClInclude Include="src\GameObject\Base\Animation2D.h">
      <Filter>TrainingFramework\src\GameObject\Base</Filter>
    </ClInclude>
    <ClInclude Include="src\GameObject\Defensive\TowerOne.h">
      <Filter>TrainingFramework\src\GameObject\Tower\UnMoveThroughAbleTower</Filter>
    </ClInclude>
    <ClInclude Include="src\GameObject\Defensive\MainTower.h">
      <Filter>TrainingFramework\src\GameObject\Tower\UnMoveThroughAbleTower</Filter>
    </ClInclude>
    <ClInclude Include="src\GameObject\Defensive\TowerTwo.h">
      <Filter>TrainingFramework\src\GameObject\Tower\UnMoveThroughAbleTower</Filter>
    </ClInclude>
    <ClInclude Include="src\GameObject\Defensive\MoveThroughAbleTower.h">
      <Filter>TrainingFramework\src\GameObject\Tower\MoveThroughAbleTower</Filter>
    </ClInclude>
    <ClInclude Include="src\GameObject\Defensive\UnMoveThroughAbleTower.h">
      <Filter>TrainingFramework\src\GameObject\Tower\UnMoveThroughAbleTower</Filter>
    </ClInclude>
    <ClInclude Include="src\GameObject\Enemy\FlyEnemy.h">
      <Filter>TrainingFramework\src\GameObject\Enemy\FlyEnemy</Filter>
    </ClInclude>
    <ClInclude Include="src\GameObject\Enemy\GroundEnemy.h">
      <Filter>TrainingFramework\src\GameObject\Enemy\GroundEnemy</Filter>
    </ClInclude>
    <ClInclude Include="src\GameObject\CheckCollision.h">
      <Filter>TrainingFramework\src\GameObject</Filter>
    </ClInclude>
    <ClInclude Include="src\GameObject\Defensive\SpotTower.h">
      <Filter>TrainingFramework\src\GameObject\Tower\UnMoveThroughAbleTower</Filter>
    </ClInclude>
    <ClInclude Include="src\GameObject\Others\TowerOption.h">
      <Filter>TrainingFramework\src\GameObject\Other</Filter>
    </ClInclude>
    <ClInclude Include="src\GameObject\Enemy\EnemyManager.h">
      <Filter>TrainingFramework\src\GameObject\Enemy</Filter>
    </ClInclude>
    <ClInclude Include="src\GameObject\Defensive\BaseDefensive.h">
      <Filter>TrainingFramework\src\GameObject\Tower</Filter>
    </ClInclude>
    <ClInclude Include="src\GameObject\Enemy\BaseEnemy.h">
      <Filter>TrainingFramework\src\GameObject\Enemy</Filter>
    </ClInclude>
    <ClInclude Include="src\GameObject\Enemy\EnemyOne.h">
      <Filter>TrainingFramework\src\GameObject\Enemy\GroundEnemy</Filter>
    </ClInclude>
    <ClInclude Include="src\GameStates\GSCredit.h">
      <Filter>TrainingFramework\src\GameStates</Filter>
    </ClInclude>
    <ClInclude Include="src\GameStates\GSTutorial.h">
      <Filter>TrainingFramework\src\GameStates</Filter>
    </ClInclude>
    <ClInclude Include="src\GameStates\GSSelectStage.h">
      <Filter>TrainingFramework\src\GameStates</Filter>
    </ClInclude>
    <ClInclude Include="src\GameStates\GSMenuInGame.h">
      <Filter>TrainingFramework\src\GameStates</Filter>
    </ClInclude>
    <ClInclude Include="src\GameStates\GSMenuAfterGame.h">
      <Filter>TrainingFramework\src\GameStates</Filter>
    </ClInclude>
    <ClInclude Include="src\GameStates\GSSetting.h">
      <Filter>TrainingFramework\src\GameStates</Filter>
    </ClInclude>
    <ClInclude Include="src\GameObject\Enemy\EnemyTwo.h">
      <Filter>TrainingFramework\src\GameObject\Enemy\GroundEnemy</Filter>
    </ClInclude>
    <ClInclude Include="src\GameObject\Bullet\Bullet.h">
      <Filter>TrainingFramework\src\GameObject\Bullet</Filter>
    </ClInclude>
    <ClInclude Include="src\GameObject\Others\GameButton.h">
      <Filter>TrainingFramework\src\GameObject\Other</Filter>
    </ClInclude>
    <ClInclude Include="src\GameObject\Bullet\BulletManager.h">
      <Filter>TrainingFramework\src\GameObject\Bullet</Filter>
    </ClInclude>
    <ClInclude Include="src\GameObject\Resource\Coin.h">
      <Filter>TrainingFramework\src\GameObject\Resourse</Filter>
    </ClInclude>
    <ClInclude Include="src\GameObject\Defensive\DefensiveManager.h">
      <Filter>TrainingFramework\src\GameObject\Tower</Filter>
    </ClInclude>
    <ClInclude Include="src\GameObject\Base\BountyObject.h">
      <Filter>TrainingFramework\src\GameObject\Base</Filter>
    </ClInclude>
    <ClInclude Include="src\GameStates\Record.h">
      <Filter>TrainingFramework\src\GameStates</Filter>
    </ClInclude>
    <ClInclude Include="src\GameObject\Resource\Diamond.h">
      <Filter>TrainingFramework\src\GameObject\Resourse</Filter>
    </ClInclude>
    <ClInclude Include="src\GameObject\Resource\ResourceTable.h">
      <Filter>TrainingFramework\src\GameObject\Resourse</Filter>
    </ClInclude>
    <ClInclude Include="src\GameObject\BackgroundMusic.h">
      <Filter>TrainingFramework\src\GameObject</Filter>
    </ClInclude>
    <ClInclude Include="src\GameObject\Enemy\EnemySpawner.h" />
    <ClInclude Include="src\GameObject\Pathing\Obstacle.h" />
    <ClInclude Include="src\GameObject\Pathing\ObstacleManager.h" />
    <ClInclude Include="src\GameObject\Pathing\WayPoint.h" />
    <ClInclude Include="src\GameObject\Pathing\FloydWarshall.h" />
    <ClInclude Include="src\GameObject\HUD\HUD.h" />
    <ClInclude Include="src\GameStates\GSLoadGame.h" />
  </ItemGroup>
  <ItemGroup>
    <None Include="ClassDiagram.cd" />
    <None Include="pcviewer_es2.cfg" />
  </ItemGroup>
  <ItemGroup>
    <Text Include="..\Data\Record.txt" />
  </ItemGroup>
</Project>